
Microsoft Visual Studio Solution File, Format Version 12.00
# Visual Studio Version 17
VisualStudioVersion = 17.2.32505.173
MinimumVisualStudioVersion = 10.0.40219.1
Project("{9A19103F-16F7-4668-BE54-9A1E7A4F7556}") = "BizTester", "MLLP_Listener\BizTester.csproj", "{1AF2B1D9-7934-4095-A570-F2298B908E00}"
EndProject
Project("{54435603-DBB4-11D2-8724-00A0C9A8B90C}") = "BizTesterSetup", "BizTesterSetup\BizTesterSetup.vdproj", "{80C3F75E-27D4-4C11-A0CB-C93ADF724C75}"
EndProject
Global
	GlobalSection(SolutionConfigurationPlatforms) = preSolution
		Debug|Any CPU = Debug|Any CPU
		Release|Any CPU = Release|Any CPU
	EndGlobalSection
	GlobalSection(ProjectConfigurationPlatforms) = postSolution
		{1AF2B1D9-7934-4095-A570-F2298B908E00}.Debug|Any CPU.ActiveCfg = Debug|Any CPU
		{1AF2B1D9-7934-4095-A570-F2298B908E00}.Debug|Any CPU.Build.0 = Debug|Any CPU
		{1AF2B1D9-7934-4095-A570-F2298B908E00}.Release|Any CPU.ActiveCfg = Release|Any CPU
		{1AF2B1D9-7934-4095-A570-F2298B908E00}.Release|Any CPU.Build.0 = Release|Any CPU
		{80C3F75E-27D4-4C11-A0CB-C93ADF724C75}.Debug|Any CPU.ActiveCfg = Debug
		{80C3F75E-27D4-4C11-A0CB-C93ADF724C75}.Release|Any CPU.ActiveCfg = Release
	EndGlobalSection
	GlobalSection(SolutionProperties) = preSolution
		HideSolutionNode = FALSE
	EndGlobalSection
	GlobalSection(ExtensibilityGlobals) = postSolution
		SolutionGuid = {EA028E29-7799-4DE6-B14F-0FB4350F3FD1}
	EndGlobalSection
EndGlobal
